// !$*UTF8*$!
{
	archiveVersion = 1;
	classes = {
	};
	objectVersion = 46;
	objects = {

/* Begin PBXBuildFile section */
		520402E41DF5EDD400F7B665 /* AppDelegate.swift in Sources */ = {isa = PBXBuildFile; fileRef = 520402E31DF5EDD400F7B665 /* AppDelegate.swift */; };
		520402E61DF5EDD400F7B665 /* ViewController.swift in Sources */ = {isa = PBXBuildFile; fileRef = 520402E51DF5EDD400F7B665 /* ViewController.swift */; };
		520402E91DF5EDD400F7B665 /* Main.storyboard in Resources */ = {isa = PBXBuildFile; fileRef = 520402E71DF5EDD400F7B665 /* Main.storyboard */; };
		520402EB1DF5EDD400F7B665 /* Assets.xcassets in Resources */ = {isa = PBXBuildFile; fileRef = 520402EA1DF5EDD400F7B665 /* Assets.xcassets */; };
		520402EE1DF5EDD400F7B665 /* LaunchScreen.storyboard in Resources */ = {isa = PBXBuildFile; fileRef = 520402EC1DF5EDD400F7B665 /* LaunchScreen.storyboard */; };
		520402F91DF5EDD500F7B665 /* Day_2Tests.swift in Sources */ = {isa = PBXBuildFile; fileRef = 520402F81DF5EDD500F7B665 /* Day_2Tests.swift */; };
		520403041DF5EDD500F7B665 /* Day_2UITests.swift in Sources */ = {isa = PBXBuildFile; fileRef = 520403031DF5EDD500F7B665 /* Day_2UITests.swift */; };
/* End PBXBuildFile section */

/* Begin PBXContainerItemProxy section */
		520402F51DF5EDD500F7B665 /* PBXContainerItemProxy */ = {
			isa = PBXContainerItemProxy;
			containerPortal = 520402D81DF5EDD400F7B665 /* Project object */;
			proxyType = 1;
			remoteGlobalIDString = 520402DF1DF5EDD400F7B665;
			remoteInfo = "Day 2";
		};
		520403001DF5EDD500F7B665 /* PBXContainerItemProxy */ = {
			isa = PBXContainerItemProxy;
			containerPortal = 520402D81DF5EDD400F7B665 /* Project object */;
			proxyType = 1;
			remoteGlobalIDString = 520402DF1DF5EDD400F7B665;
			remoteInfo = "Day 2";
		};
/* End PBXContainerItemProxy section */

/* Begin PBXFileReference section */
		520402E01DF5EDD400F7B665 /* Day 2.app */ = {isa = PBXFileReference; explicitFileType = wrapper.application; includeInIndex = 0; path = "Day 2.app"; sourceTree = BUILT_PRODUCTS_DIR; };
		520402E31DF5EDD400F7B665 /* AppDelegate.swift */ = {isa = PBXFileReference; lastKnownFileType = sourcecode.swift; path = AppDelegate.swift; sourceTree = "<group>"; };
		520402E51DF5EDD400F7B665 /* ViewController.swift */ = {isa = PBXFileReference; lastKnownFileType = sourcecode.swift; path = ViewController.swift; sourceTree = "<group>"; };
		520402E81DF5EDD400F7B665 /* Base */ = {isa = PBXFileReference; lastKnownFileType = file.storyboard; name = Base; path = Base.lproj/Main.storyboard; sourceTree = "<group>"; };
		520402EA1DF5EDD400F7B665 /* Assets.xcassets */ = {isa = PBXFileReference; lastKnownFileType = folder.assetcatalog; path = Assets.xcassets; sourceTree = "<group>"; };
		520402ED1DF5EDD400F7B665 /* Base */ = {isa = PBXFileReference; lastKnownFileType = file.storyboard; name = Base; path = Base.lproj/LaunchScreen.storyboard; sourceTree = "<group>"; };
		520402EF1DF5EDD400F7B665 /* Info.plist */ = {isa = PBXFileReference; lastKnownFileType = text.plist.xml; path = Info.plist; sourceTree = "<group>"; };
		520402F41DF5EDD500F7B665 /* Day 2Tests.xctest */ = {isa = PBXFileReference; explicitFileType = wrapper.cfbundle; includeInIndex = 0; path = "Day 2Tests.xctest"; sourceTree = BUILT_PRODUCTS_DIR; };
		520402F81DF5EDD500F7B665 /* Day_2Tests.swift */ = {isa = PBXFileReference; lastKnownFileType = sourcecode.swift; path = Day_2Tests.swift; sourceTree = "<group>"; };
		520402FA1DF5EDD500F7B665 /* Info.plist */ = {isa = PBXFileReference; lastKnownFileType = text.plist.xml; path = Info.plist; sourceTree = "<group>"; };
		520402FF1DF5EDD500F7B665 /* Day 2UITests.xctest */ = {isa = PBXFileReference; explicitFileType = wrapper.cfbundle; includeInIndex = 0; path = "Day 2UITests.xctest"; sourceTree = BUILT_PRODUCTS_DIR; };
		520403031DF5EDD500F7B665 /* Day_2UITests.swift */ = {isa = PBXFileReference; lastKnownFileType = sourcecode.swift; path = Day_2UITests.swift; sourceTree = "<group>"; };
		520403051DF5EDD500F7B665 /* Info.plist */ = {isa = PBXFileReference; lastKnownFileType = text.plist.xml; path = Info.plist; sourceTree = "<group>"; };
/* End PBXFileReference section */

/* Begin PBXFrameworksBuildPhase section */
		520402DD1DF5EDD400F7B665 /* Frameworks */ = {
			isa = PBXFrameworksBuildPhase;
			buildActionMask = 2147483647;
			files = (
			);
			runOnlyForDeploymentPostprocessing = 0;
		};
		520402F11DF5EDD500F7B665 /* Frameworks */ = {
			isa = PBXFrameworksBuildPhase;
			buildActionMask = 2147483647;
			files = (
			);
			runOnlyForDeploymentPostprocessing = 0;
		};
		520402FC1DF5EDD500F7B665 /* Frameworks */ = {
			isa = PBXFrameworksBuildPhase;
			buildActionMask = 2147483647;
			files = (
			);
			runOnlyForDeploymentPostprocessing = 0;
		};
/* End PBXFrameworksBuildPhase section */

/* Begin PBXGroup section */
		520402D71DF5EDD400F7B665 = {
			isa = PBXGroup;
			children = (
				520402E21DF5EDD400F7B665 /* Day 2 */,
				520402F71DF5EDD500F7B665 /* Day 2Tests */,
				520403021DF5EDD500F7B665 /* Day 2UITests */,
				520402E11DF5EDD400F7B665 /* Products */,
			);
			sourceTree = "<group>";
		};
		520402E11DF5EDD400F7B665 /* Products */ = {
			isa = PBXGroup;
			children = (
				520402E01DF5EDD400F7B665 /* Day 2.app */,
				520402F41DF5EDD500F7B665 /* Day 2Tests.xctest */,
				520402FF1DF5EDD500F7B665 /* Day 2UITests.xctest */,
			);
			name = Products;
			sourceTree = "<group>";
		};
		520402E21DF5EDD400F7B665 /* Day 2 */ = {
			isa = PBXGroup;
			children = (
				520402E31DF5EDD400F7B665 /* AppDelegate.swift */,
				520402E51DF5EDD400F7B665 /* ViewController.swift */,
				520402E71DF5EDD400F7B665 /* Main.storyboard */,
				520402EA1DF5EDD400F7B665 /* Assets.xcassets */,
				520402EC1DF5EDD400F7B665 /* LaunchScreen.storyboard */,
				520402EF1DF5EDD400F7B665 /* Info.plist */,
			);
			path = "Day 2";
			sourceTree = "<group>";
		};
		520402F71DF5EDD500F7B665 /* Day 2Tests */ = {
			isa = PBXGroup;
			children = (
				520402F81DF5EDD500F7B665 /* Day_2Tests.swift */,
				520402FA1DF5EDD500F7B665 /* Info.plist */,
			);
			path = "Day 2Tests";
			sourceTree = "<group>";
		};
		520403021DF5EDD500F7B665 /* Day 2UITests */ = {
			isa = PBXGroup;
			children = (
				520403031DF5EDD500F7B665 /* Day_2UITests.swift */,
				520403051DF5EDD500F7B665 /* Info.plist */,
			);
			path = "Day 2UITests";
			sourceTree = "<group>";
		};
/* End PBXGroup section */

/* Begin PBXNativeTarget section */
		520402DF1DF5EDD400F7B665 /* Day 2 */ = {
			isa = PBXNativeTarget;
			buildConfigurationList = 520403081DF5EDD500F7B665 /* Build configuration list for PBXNativeTarget "Day 2" */;
			buildPhases = (
				520402DC1DF5EDD400F7B665 /* Sources */,
				520402DD1DF5EDD400F7B665 /* Frameworks */,
				520402DE1DF5EDD400F7B665 /* Resources */,
			);
			buildRules = (
			);
			dependencies = (
			);
			name = "Day 2";
			productName = "Day 2";
			productReference = 520402E01DF5EDD400F7B665 /* Day 2.app */;
			productType = "com.apple.product-type.application";
		};
		520402F31DF5EDD500F7B665 /* Day 2Tests */ = {
			isa = PBXNativeTarget;
			buildConfigurationList = 5204030B1DF5EDD500F7B665 /* Build configuration list for PBXNativeTarget "Day 2Tests" */;
			buildPhases = (
				520402F01DF5EDD500F7B665 /* Sources */,
				520402F11DF5EDD500F7B665 /* Frameworks */,
				520402F21DF5EDD500F7B665 /* Resources */,
			);
			buildRules = (
			);
			dependencies = (
				520402F61DF5EDD500F7B665 /* PBXTargetDependency */,
			);
			name = "Day 2Tests";
			productName = "Day 2Tests";
			productReference = 520402F41DF5EDD500F7B665 /* Day 2Tests.xctest */;
			productType = "com.apple.product-type.bundle.unit-test";
		};
		520402FE1DF5EDD500F7B665 /* Day 2UITests */ = {
			isa = PBXNativeTarget;
			buildConfigurationList = 5204030E1DF5EDD500F7B665 /* Build configuration list for PBXNativeTarget "Day 2UITests" */;
			buildPhases = (
				520402FB1DF5EDD500F7B665 /* Sources */,
				520402FC1DF5EDD500F7B665 /* Frameworks */,
				520402FD1DF5EDD500F7B665 /* Resources */,
			);
			buildRules = (
			);
			dependencies = (
				520403011DF5EDD500F7B665 /* PBXTargetDependency */,
			);
			name = "Day 2UITests";
			productName = "Day 2UITests";
			productReference = 520402FF1DF5EDD500F7B665 /* Day 2UITests.xctest */;
			productType = "com.apple.product-type.bundle.ui-testing";
		};
/* End PBXNativeTarget section */

/* Begin PBXProject section */
		520402D81DF5EDD400F7B665 /* Project object */ = {
			isa = PBXProject;
			attributes = {
				LastSwiftUpdateCheck = 0810;
				LastUpgradeCheck = 0810;
				ORGANIZATIONNAME = "Mikael Hellqvist";
				TargetAttributes = {
					520402DF1DF5EDD400F7B665 = {
						CreatedOnToolsVersion = 8.1;
						ProvisioningStyle = Automatic;
					};
					520402F31DF5EDD500F7B665 = {
						CreatedOnToolsVersion = 8.1;
						ProvisioningStyle = Automatic;
						TestTargetID = 520402DF1DF5EDD400F7B665;
					};
					520402FE1DF5EDD500F7B665 = {
						CreatedOnToolsVersion = 8.1;
						ProvisioningStyle = Automatic;
						TestTargetID = 520402DF1DF5EDD400F7B665;
					};
				};
			};
			buildConfigurationList = 520402DB1DF5EDD400F7B665 /* Build configuration list for PBXProject "Day 2" */;
			compatibilityVersion = "Xcode 3.2";
			developmentRegion = English;
			hasScannedForEncodings = 0;
			knownRegions = (
				en,
				Base,
			);
			mainGroup = 520402D71DF5EDD400F7B665;
			productRefGroup = 520402E11DF5EDD400F7B665 /* Products */;
			projectDirPath = "";
			projectRoot = "";
			targets = (
				520402DF1DF5EDD400F7B665 /* Day 2 */,
				520402F31DF5EDD500F7B665 /* Day 2Tests */,
				520402FE1DF5EDD500F7B665 /* Day 2UITests */,
			);
		};
/* End PBXProject section */

/* Begin PBXResourcesBuildPhase section */
		520402DE1DF5EDD400F7B665 /* Resources */ = {
			isa = PBXResourcesBuildPhase;
			buildActionMask = 2147483647;
			files = (
				520402EE1DF5EDD400F7B665 /* LaunchScreen.storyboard in Resources */,
				520402EB1DF5EDD400F7B665 /* Assets.xcassets in Resources */,
				520402E91DF5EDD400F7B665 /* Main.storyboard in Resources */,
			);
			runOnlyForDeploymentPostprocessing = 0;
		};
		520402F21DF5EDD500F7B665 /* Resources */ = {
			isa = PBXResourcesBuildPhase;
			buildActionMask = 2147483647;
			files = (
			);
			runOnlyForDeploymentPostprocessing = 0;
		};
		520402FD1DF5EDD500F7B665 /* Resources */ = {
			isa = PBXResourcesBuildPhase;
			buildActionMask = 2147483647;
			files = (
			);
			runOnlyForDeploymentPostprocessing = 0;
		};
/* End PBXResourcesBuildPhase section */

/* Begin PBXSourcesBuildPhase section */
		520402DC1DF5EDD400F7B665 /* Sources */ = {
			isa = PBXSourcesBuildPhase;
			buildActionMask = 2147483647;
			files = (
				520402E61DF5EDD400F7B665 /* ViewController.swift in Sources */,
				520402E41DF5EDD400F7B665 /* AppDelegate.swift in Sources */,
			);
			runOnlyForDeploymentPostprocessing = 0;
		};
		520402F01DF5EDD500F7B665 /* Sources */ = {
			isa = PBXSourcesBuildPhase;
			buildActionMask = 2147483647;
			files = (
				520402F91DF5EDD500F7B665 /* Day_2Tests.swift in Sources */,
			);
			runOnlyForDeploymentPostprocessing = 0;
		};
		520402FB1DF5EDD500F7B665 /* Sources */ = {
			isa = PBXSourcesBuildPhase;
			buildActionMask = 2147483647;
			files = (
				520403041DF5EDD500F7B665 /* Day_2UITests.swift in Sources */,
			);
			runOnlyForDeploymentPostprocessing = 0;
		};
/* End PBXSourcesBuildPhase section */

/* Begin PBXTargetDependency section */
		520402F61DF5EDD500F7B665 /* PBXTargetDependency */ = {
			isa = PBXTargetDependency;
			target = 520402DF1DF5EDD400F7B665 /* Day 2 */;
			targetProxy = 520402F51DF5EDD500F7B665 /* PBXContainerItemProxy */;
		};
		520403011DF5EDD500F7B665 /* PBXTargetDependency */ = {
			isa = PBXTargetDependency;
			target = 520402DF1DF5EDD400F7B665 /* Day 2 */;
			targetProxy = 520403001DF5EDD500F7B665 /* PBXContainerItemProxy */;
		};
/* End PBXTargetDependency section */

/* Begin PBXVariantGroup section */
		520402E71DF5EDD400F7B665 /* Main.storyboard */ = {
			isa = PBXVariantGroup;
			children = (
				520402E81DF5EDD400F7B665 /* Base */,
			);
			name = Main.storyboard;
			sourceTree = "<group>";
		};
		520402EC1DF5EDD400F7B665 /* LaunchScreen.storyboard */ = {
			isa = PBXVariantGroup;
			children = (
				520402ED1DF5EDD400F7B665 /* Base */,
			);
			name = LaunchScreen.storyboard;
			sourceTree = "<group>";
		};
/* End PBXVariantGroup section */

/* Begin XCBuildConfiguration section */
		520403061DF5EDD500F7B665 /* Debug */ = {
			isa = XCBuildConfiguration;
			buildSettings = {
				ALWAYS_SEARCH_USER_PATHS = NO;
				CLANG_ANALYZER_NONNULL = YES;
				CLANG_CXX_LANGUAGE_STANDARD = "gnu++0x";
				CLANG_CXX_LIBRARY = "libc++";
				CLANG_ENABLE_MODULES = YES;
				CLANG_ENABLE_OBJC_ARC = YES;
				CLANG_WARN_BOOL_CONVERSION = YES;
				CLANG_WARN_CONSTANT_CONVERSION = YES;
				CLANG_WARN_DIRECT_OBJC_ISA_USAGE = YES_ERROR;
				CLANG_WARN_DOCUMENTATION_COMMENTS = YES;
				CLANG_WARN_EMPTY_BODY = YES;
				CLANG_WARN_ENUM_CONVERSION = YES;
				CLANG_WARN_INFINITE_RECURSION = YES;
				CLANG_WARN_INT_CONVERSION = YES;
				CLANG_WARN_OBJC_ROOT_CLASS = YES_ERROR;
				CLANG_WARN_SUSPICIOUS_MOVES = YES;
				CLANG_WARN_UNREACHABLE_CODE = YES;
				CLANG_WARN__DUPLICATE_METHOD_MATCH = YES;
				"CODE_SIGN_IDENTITY[sdk=iphoneos*]" = "iPhone Developer";
				COPY_PHASE_STRIP = NO;
				DEBUG_INFORMATION_FORMAT = dwarf;
				ENABLE_STRICT_OBJC_MSGSEND = YES;
				ENABLE_TESTABILITY = YES;
				GCC_C_LANGUAGE_STANDARD = gnu99;
				GCC_DYNAMIC_NO_PIC = NO;
				GCC_NO_COMMON_BLOCKS = YES;
				GCC_OPTIMIZATION_LEVEL = 0;
				GCC_PREPROCESSOR_DEFINITIONS = (
					"DEBUG=1",
					"$(inherited)",
				);
				GCC_WARN_64_TO_32_BIT_CONVERSION = YES;
				GCC_WARN_ABOUT_RETURN_TYPE = YES_ERROR;
				GCC_WARN_UNDECLARED_SELECTOR = YES;
				GCC_WARN_UNINITIALIZED_AUTOS = YES_AGGRESSIVE;
				GCC_WARN_UNUSED_FUNCTION = YES;
				GCC_WARN_UNUSED_VARIABLE = YES;
				IPHONEOS_DEPLOYMENT_TARGET = 10.1;
				MTL_ENABLE_DEBUG_INFO = YES;
				ONLY_ACTIVE_ARCH = YES;
				SDKROOT = iphoneos;
				SWIFT_ACTIVE_COMPILATION_CONDITIONS = DEBUG;
				SWIFT_OPTIMIZATION_LEVEL = "-Onone";
				TARGETED_DEVICE_FAMILY = "1,2";
			};
			name = Debug;
		};
		520403071DF5EDD500F7B665 /* Release */ = {
			isa = XCBuildConfiguration;
			buildSettings = {
				ALWAYS_SEARCH_USER_PATHS = NO;
				CLANG_ANALYZER_NONNULL = YES;
				CLANG_CXX_LANGUAGE_STANDARD = "gnu++0x";
				CLANG_CXX_LIBRARY = "libc++";
				CLANG_ENABLE_MODULES = YES;
				CLANG_ENABLE_OBJC_ARC = YES;
				CLANG_WARN_BOOL_CONVERSION = YES;
				CLANG_WARN_CONSTANT_CONVERSION = YES;
				CLANG_WARN_DIRECT_OBJC_ISA_USAGE = YES_ERROR;
				CLANG_WARN_DOCUMENTATION_COMMENTS = YES;
				CLANG_WARN_EMPTY_BODY = YES;
				CLANG_WARN_ENUM_CONVERSION = YES;
				CLANG_WARN_INFINITE_RECURSION = YES;
				CLANG_WARN_INT_CONVERSION = YES;
				CLANG_WARN_OBJC_ROOT_CLASS = YES_ERROR;
				CLANG_WARN_SUSPICIOUS_MOVES = YES;
				CLANG_WARN_UNREACHABLE_CODE = YES;
				CLANG_WARN__DUPLICATE_METHOD_MATCH = YES;
				"CODE_SIGN_IDENTITY[sdk=iphoneos*]" = "iPhone Developer";
				COPY_PHASE_STRIP = NO;
				DEBUG_INFORMATION_FORMAT = "dwarf-with-dsym";
				ENABLE_NS_ASSERTIONS = NO;
				ENABLE_STRICT_OBJC_MSGSEND = YES;
				GCC_C_LANGUAGE_STANDARD = gnu99;
				GCC_NO_COMMON_BLOCKS = YES;
				GCC_WARN_64_TO_32_BIT_CONVERSION = YES;
				GCC_WARN_ABOUT_RETURN_TYPE = YES_ERROR;
				GCC_WARN_UNDECLARED_SELECTOR = YES;
				GCC_WARN_UNINITIALIZED_AUTOS = YES_AGGRESSIVE;
				GCC_WARN_UNUSED_FUNCTION = YES;
				GCC_WARN_UNUSED_VARIABLE = YES;
				IPHONEOS_DEPLOYMENT_TARGET = 10.1;
				MTL_ENABLE_DEBUG_INFO = NO;
				SDKROOT = iphoneos;
				SWIFT_OPTIMIZATION_LEVEL = "-Owholemodule";
				TARGETED_DEVICE_FAMILY = "1,2";
				VALIDATE_PRODUCT = YES;
			};
			name = Release;
		};
		520403091DF5EDD500F7B665 /* Debug */ = {
			isa = XCBuildConfiguration;
			buildSettings = {
				ASSETCATALOG_COMPILER_APPICON_NAME = AppIcon;
				INFOPLIST_FILE = "Day 2/Info.plist";
				LD_RUNPATH_SEARCH_PATHS = "$(inherited) @executable_path/Frameworks";
				PRODUCT_BUNDLE_IDENTIFIER = "FM.Day-2";
				PRODUCT_NAME = "$(TARGET_NAME)";
				SWIFT_VERSION = 3.0;
			};
			name = Debug;
		};
		5204030A1DF5EDD500F7B665 /* Release */ = {
			isa = XCBuildConfiguration;
			buildSettings = {
				ASSETCATALOG_COMPILER_APPICON_NAME = AppIcon;
				INFOPLIST_FILE = "Day 2/Info.plist";
				LD_RUNPATH_SEARCH_PATHS = "$(inherited) @executable_path/Frameworks";
				PRODUCT_BUNDLE_IDENTIFIER = "FM.Day-2";
				PRODUCT_NAME = "$(TARGET_NAME)";
				SWIFT_VERSION = 3.0;
			};
			name = Release;
		};
		5204030C1DF5EDD500F7B665 /* Debug */ = {
			isa = XCBuildConfiguration;
			buildSettings = {
				ALWAYS_EMBED_SWIFT_STANDARD_LIBRARIES = YES;
				BUNDLE_LOADER = "$(TEST_HOST)";
				INFOPLIST_FILE = "Day 2Tests/Info.plist";
				LD_RUNPATH_SEARCH_PATHS = "$(inherited) @executable_path/Frameworks @loader_path/Frameworks";
				PRODUCT_BUNDLE_IDENTIFIER = "FM.Day-2Tests";
				PRODUCT_NAME = "$(TARGET_NAME)";
				SWIFT_VERSION = 3.0;
				TEST_HOST = "$(BUILT_PRODUCTS_DIR)/Day 2.app/Day 2";
			};
			name = Debug;
		};
		5204030D1DF5EDD500F7B665 /* Release */ = {
			isa = XCBuildConfiguration;
			buildSettings = {
				ALWAYS_EMBED_SWIFT_STANDARD_LIBRARIES = YES;
				BUNDLE_LOADER = "$(TEST_HOST)";
				INFOPLIST_FILE = "Day 2Tests/Info.plist";
				LD_RUNPATH_SEARCH_PATHS = "$(inherited) @executable_path/Frameworks @loader_path/Frameworks";
				PRODUCT_BUNDLE_IDENTIFIER = "FM.Day-2Tests";
				PRODUCT_NAME = "$(TARGET_NAME)";
				SWIFT_VERSION = 3.0;
				TEST_HOST = "$(BUILT_PRODUCTS_DIR)/Day 2.app/Day 2";
			};
			name = Release;
		};
		5204030F1DF5EDD500F7B665 /* Debug */ = {
			isa = XCBuildConfiguration;
			buildSettings = {
				ALWAYS_EMBED_SWIFT_STANDARD_LIBRARIES = YES;
				INFOPLIST_FILE = "Day 2UITests/Info.plist";
				LD_RUNPATH_SEARCH_PATHS = "$(inherited) @executable_path/Frameworks @loader_path/Frameworks";
				PRODUCT_BUNDLE_IDENTIFIER = "FM.Day-2UITests";
				PRODUCT_NAME = "$(TARGET_NAME)";
				SWIFT_VERSION = 3.0;
				TEST_TARGET_NAME = "Day 2";
			};
			name = Debug;
		};
		520403101DF5EDD500F7B665 /* Release */ = {
			isa = XCBuildConfiguration;
			buildSettings = {
				ALWAYS_EMBED_SWIFT_STANDARD_LIBRARIES = YES;
				INFOPLIST_FILE = "Day 2UITests/Info.plist";
				LD_RUNPATH_SEARCH_PATHS = "$(inherited) @executable_path/Frameworks @loader_path/Frameworks";
				PRODUCT_BUNDLE_IDENTIFIER = "FM.Day-2UITests";
				PRODUCT_NAME = "$(TARGET_NAME)";
				SWIFT_VERSION = 3.0;
				TEST_TARGET_NAME = "Day 2";
			};
			name = Release;
		};
/* End XCBuildConfiguration section */

/* Begin XCConfigurationList section */
		520402DB1DF5EDD400F7B665 /* Build configuration list for PBXProject "Day 2" */ = {
			isa = XCConfigurationList;
			buildConfigurations = (
				520403061DF5EDD500F7B665 /* Debug */,
				520403071DF5EDD500F7B665 /* Release */,
			);
			defaultConfigurationIsVisible = 0;
			defaultConfigurationName = Release;
		};
		520403081DF5EDD500F7B665 /* Build configuration list for PBXNativeTarget "Day 2" */ = {
			isa = XCConfigurationList;
			buildConfigurations = (
				520403091DF5EDD500F7B665 /* Debug */,
				5204030A1DF5EDD500F7B665 /* Release */,
			);
			defaultConfigurationIsVisible = 0;
		};
		5204030B1DF5EDD500F7B665 /* Build configuration list for PBXNativeTarget "Day 2Tests" */ = {
			isa = XCConfigurationList;
			buildConfigurations = (
				5204030C1DF5EDD500F7B665 /* Debug */,
				5204030D1DF5EDD500F7B665 /* Release */,
			);
			defaultConfigurationIsVisible = 0;
		};
		5204030E1DF5EDD500F7B665 /* Build configuration list for PBXNativeTarget "Day 2UITests" */ = {
			isa = XCConfigurationList;
			buildConfigurations = (
				5204030F1DF5EDD500F7B665 /* Debug */,
				520403101DF5EDD500F7B665 /* Release */,
			);
			defaultConfigurationIsVisible = 0;
		};
/* End XCConfigurationList section */
	};
	rootObject = 520402D81DF5EDD400F7B665 /* Project object */;
}
